
Microsoft Visual Studio Solution File, Format Version 12.00
# Visual Studio 2012
Project("{FAE04EC0-301F-11D3-BF4B-00C04F79EFBC}") = "gWinXManager", "gWinXManager\gWinXManager.csproj", "{FF20AD3F-0858-4ACB-8E93-AAF0C3464FE6}"
EndProject
Global
	GlobalSection(SolutionConfigurationPlatforms) = preSolution
		Debug|Any CPU = Debug|Any CPU
		Release|Any CPU = Release|Any CPU
	EndGlobalSection
	GlobalSection(ProjectConfigurationPlatforms) = postSolution
		{FF20AD3F-0858-4ACB-8E93-AAF0C3464FE6}.Debug|Any CPU.ActiveCfg = Debug|Any CPU
		{FF20AD3F-0858-4ACB-8E93-AAF0C3464FE6}.Debug|Any CPU.Build.0 = Debug|Any CPU
		{FF20AD3F-0858-4ACB-8E93-AAF0C3464FE6}.Release|Any CPU.ActiveCfg = Release|Any CPU
		{FF20AD3F-0858-4ACB-8E93-AAF0C3464FE6}.Release|Any CPU.Build.0 = Release|Any CPU
	EndGlobalSection
	GlobalSection(SolutionProperties) = preSolution
		HideSolutionNode = FALSE
	EndGlobalSection
EndGlobal
